// !$*UTF8*$!
{
	archiveVersion = 1;
	classes = {
	};
	objectVersion = 46;
	objects = {

/* Begin PBXBuildFile section */
		78C19392819B6B78A9AB82D1 /* libPods-FunctionDemoTests.a in Frameworks */ = {isa = PBXBuildFile; fileRef = E329D9F65F5A00562FB3118F /* libPods-FunctionDemoTests.a */; };
		85B3E35D9283426E24726953 /* libPods-FunctionDemoUITests.a in Frameworks */ = {isa = PBXBuildFile; fileRef = 7699A4E1962E29167205B0F2 /* libPods-FunctionDemoUITests.a */; };
		D0BDA832F08823B2F7EFCD96 /* libPods-FunctionDemo.a in Frameworks */ = {isa = PBXBuildFile; fileRef = 6C0E37770A8116D5FA2E208C /* libPods-FunctionDemo.a */; };
		D4026CD51D9B53FB0076E069 /* AllViewControllersTool.m in Sources */ = {isa = PBXBuildFile; fileRef = D4026CD41D9B53FB0076E069 /* AllViewControllersTool.m */; };
		D4026CDA1D9B5A940076E069 /* LeftMenuViewController.m in Sources */ = {isa = PBXBuildFile; fileRef = D4026CD91D9B5A940076E069 /* LeftMenuViewController.m */; };
		D4026CDD1D9B5AA50076E069 /* RightMenuViewController.m in Sources */ = {isa = PBXBuildFile; fileRef = D4026CDC1D9B5AA50076E069 /* RightMenuViewController.m */; };
		D4026CE01D9B60C60076E069 /* SideMenuTableViewCell.m in Sources */ = {isa = PBXBuildFile; fileRef = D4026CDF1D9B60C60076E069 /* SideMenuTableViewCell.m */; };
		D4026CE31D9B61F30076E069 /* UIColor+Extension.m in Sources */ = {isa = PBXBuildFile; fileRef = D4026CE21D9B61F30076E069 /* UIColor+Extension.m */; };
		D41A5BFE1D9A0A580062A5FF /* UIView+Frame.m in Sources */ = {isa = PBXBuildFile; fileRef = D41A5BFD1D9A0A580062A5FF /* UIView+Frame.m */; };
		D41A5C011D9A0ABF0062A5FF /* UIBarButtonItem+Helper.m in Sources */ = {isa = PBXBuildFile; fileRef = D41A5C001D9A0ABF0062A5FF /* UIBarButtonItem+Helper.m */; };
		D4302A1D1D9126A800501060 /* IWPFTestCase.m in Sources */ = {isa = PBXBuildFile; fileRef = D4302A1C1D9126A800501060 /* IWPFTestCase.m */; };
		D4302A1F1D91284C00501060 /* IWPFCommunicationHelper.m in Sources */ = {isa = PBXBuildFile; fileRef = D4302A1E1D91284C00501060 /* IWPFCommunicationHelper.m */; };
		D48207981D9254900095C076 /* IWPFCurrentWeatherView.m in Sources */ = {isa = PBXBuildFile; fileRef = D48207971D9254900095C076 /* IWPFCurrentWeatherView.m */; };
		D48809731D98EFF300B7344E /* IWPFBasicNavigationController.m in Sources */ = {isa = PBXBuildFile; fileRef = D48809721D98EFF300B7344E /* IWPFBasicNavigationController.m */; };
		D4A196591D90D1EC009B8D8B /* main.m in Sources */ = {isa = PBXBuildFile; fileRef = D4A196581D90D1EC009B8D8B /* main.m */; };
		D4A1965C1D90D1EC009B8D8B /* AppDelegate.m in Sources */ = {isa = PBXBuildFile; fileRef = D4A1965B1D90D1EC009B8D8B /* AppDelegate.m */; };
		D4A196621D90D1EC009B8D8B /* Main.storyboard in Resources */ = {isa = PBXBuildFile; fileRef = D4A196601D90D1EC009B8D8B /* Main.storyboard */; };
		D4A196641D90D1EC009B8D8B /* Assets.xcassets in Resources */ = {isa = PBXBuildFile; fileRef = D4A196631D90D1EC009B8D8B /* Assets.xcassets */; };
		D4A196671D90D1EC009B8D8B /* LaunchScreen.storyboard in Resources */ = {isa = PBXBuildFile; fileRef = D4A196651D90D1EC009B8D8B /* LaunchScreen.storyboard */; };
		D4A196721D90D1EC009B8D8B /* FunctionDemoTests.m in Sources */ = {isa = PBXBuildFile; fileRef = D4A196711D90D1EC009B8D8B /* FunctionDemoTests.m */; };
		D4A1967D1D90D1EC009B8D8B /* FunctionDemoUITests.m in Sources */ = {isa = PBXBuildFile; fileRef = D4A1967C1D90D1EC009B8D8B /* FunctionDemoUITests.m */; };
		D4A196A21D90DC00009B8D8B /* IWPFWeatherViewController.m in Sources */ = {isa = PBXBuildFile; fileRef = D4A196A11D90DC00009B8D8B /* IWPFWeatherViewController.m */; };
		D4A196A61D90E577009B8D8B /* CommunicationHelper.m in Sources */ = {isa = PBXBuildFile; fileRef = D4A196A51D90E577009B8D8B /* CommunicationHelper.m */; };
		D4A617D91D92386F005394DE /* IWPFCurrentWeatherCell.m in Sources */ = {isa = PBXBuildFile; fileRef = D4A617D81D92386F005394DE /* IWPFCurrentWeatherCell.m */; };
		D4E2D80D1D98B3A300047F48 /* IWPFTools.m in Sources */ = {isa = PBXBuildFile; fileRef = D4E2D80C1D98B3A300047F48 /* IWPFTools.m */; };
		D4E2D8101D98BD3900047F48 /* IWPFAddSiteViewController.m in Sources */ = {isa = PBXBuildFile; fileRef = D4E2D80F1D98BD3900047F48 /* IWPFAddSiteViewController.m */; };
		D4F1528A1D99196F00754A94 /* IWPFLaunchViewController.m in Sources */ = {isa = PBXBuildFile; fileRef = D4F152891D99196F00754A94 /* IWPFLaunchViewController.m */; };
/* End PBXBuildFile section */

/* Begin PBXContainerItemProxy section */
		D4A1966E1D90D1EC009B8D8B /* PBXContainerItemProxy */ = {
			isa = PBXContainerItemProxy;
			containerPortal = D4A1964C1D90D1EC009B8D8B /* Project object */;
			proxyType = 1;
			remoteGlobalIDString = D4A196531D90D1EC009B8D8B;
			remoteInfo = FunctionDemo;
		};
		D4A196791D90D1EC009B8D8B /* PBXContainerItemProxy */ = {
			isa = PBXContainerItemProxy;
			containerPortal = D4A1964C1D90D1EC009B8D8B /* Project object */;
			proxyType = 1;
			remoteGlobalIDString = D4A196531D90D1EC009B8D8B;
			remoteInfo = FunctionDemo;
		};
/* End PBXContainerItemProxy section */

/* Begin PBXFileReference section */
		592D3F0A4CB8A5424205B8E6 /* Pods-FunctionDemoUITests.debug.xcconfig */ = {isa = PBXFileReference; includeInIndex = 1; lastKnownFileType = text.xcconfig; name = "Pods-FunctionDemoUITests.debug.xcconfig"; path = "Pods/Target Support Files/Pods-FunctionDemoUITests/Pods-FunctionDemoUITests.debug.xcconfig"; sourceTree = "<group>"; };
		5D84015C730D447FFF7A75E7 /* Pods-FunctionDemo.release.xcconfig */ = {isa = PBXFileReference; includeInIndex = 1; lastKnownFileType = text.xcconfig; name = "Pods-FunctionDemo.release.xcconfig"; path = "Pods/Target Support Files/Pods-FunctionDemo/Pods-FunctionDemo.release.xcconfig"; sourceTree = "<group>"; };
		6C0E37770A8116D5FA2E208C /* libPods-FunctionDemo.a */ = {isa = PBXFileReference; explicitFileType = archive.ar; includeInIndex = 0; path = "libPods-FunctionDemo.a"; sourceTree = BUILT_PRODUCTS_DIR; };
		7699A4E1962E29167205B0F2 /* libPods-FunctionDemoUITests.a */ = {isa = PBXFileReference; explicitFileType = archive.ar; includeInIndex = 0; path = "libPods-FunctionDemoUITests.a"; sourceTree = BUILT_PRODUCTS_DIR; };
		B06495CABF4762827BC2DC1F /* Pods-FunctionDemoTests.release.xcconfig */ = {isa = PBXFileReference; includeInIndex = 1; lastKnownFileType = text.xcconfig; name = "Pods-FunctionDemoTests.release.xcconfig"; path = "Pods/Target Support Files/Pods-FunctionDemoTests/Pods-FunctionDemoTests.release.xcconfig"; sourceTree = "<group>"; };
		BF72D7E79B8912135AA8B17F /* Pods-FunctionDemoTests.debug.xcconfig */ = {isa = PBXFileReference; includeInIndex = 1; lastKnownFileType = text.xcconfig; name = "Pods-FunctionDemoTests.debug.xcconfig"; path = "Pods/Target Support Files/Pods-FunctionDemoTests/Pods-FunctionDemoTests.debug.xcconfig"; sourceTree = "<group>"; };
		D4026CD31D9B53FB0076E069 /* AllViewControllersTool.h */ = {isa = PBXFileReference; fileEncoding = 4; lastKnownFileType = sourcecode.c.h; name = AllViewControllersTool.h; path = Controller/AllViewControllersTool.h; sourceTree = "<group>"; };
		D4026CD41D9B53FB0076E069 /* AllViewControllersTool.m */ = {isa = PBXFileReference; fileEncoding = 4; lastKnownFileType = sourcecode.c.objc; name = AllViewControllersTool.m; path = Controller/AllViewControllersTool.m; sourceTree = "<group>"; };
		D4026CD81D9B5A940076E069 /* LeftMenuViewController.h */ = {isa = PBXFileReference; fileEncoding = 4; lastKnownFileType = sourcecode.c.h; name = LeftMenuViewController.h; path = Controller/LeftMenuViewController.h; sourceTree = "<group>"; };
		D4026CD91D9B5A940076E069 /* LeftMenuViewController.m */ = {isa = PBXFileReference; fileEncoding = 4; lastKnownFileType = sourcecode.c.objc; name = LeftMenuViewController.m; path = Controller/LeftMenuViewController.m; sourceTree = "<group>"; };
		D4026CDB1D9B5AA50076E069 /* RightMenuViewController.h */ = {isa = PBXFileReference; fileEncoding = 4; lastKnownFileType = sourcecode.c.h; name = RightMenuViewController.h; path = Controller/RightMenuViewController.h; sourceTree = "<group>"; };
		D4026CDC1D9B5AA50076E069 /* RightMenuViewController.m */ = {isa = PBXFileReference; fileEncoding = 4; lastKnownFileType = sourcecode.c.objc; name = RightMenuViewController.m; path = Controller/RightMenuViewController.m; sourceTree = "<group>"; };
		D4026CDE1D9B60C60076E069 /* SideMenuTableViewCell.h */ = {isa = PBXFileReference; fileEncoding = 4; lastKnownFileType = sourcecode.c.h; name = SideMenuTableViewCell.h; path = View/CellView/SideMenuTableViewCell.h; sourceTree = "<group>"; };
		D4026CDF1D9B60C60076E069 /* SideMenuTableViewCell.m */ = {isa = PBXFileReference; fileEncoding = 4; lastKnownFileType = sourcecode.c.objc; name = SideMenuTableViewCell.m; path = View/CellView/SideMenuTableViewCell.m; sourceTree = "<group>"; };
		D4026CE11D9B61F30076E069 /* UIColor+Extension.h */ = {isa = PBXFileReference; fileEncoding = 4; lastKnownFileType = sourcecode.c.h; name = "UIColor+Extension.h"; path = "Model/Helper/category/UIColor+Extension.h"; sourceTree = "<group>"; };
		D4026CE21D9B61F30076E069 /* UIColor+Extension.m */ = {isa = PBXFileReference; fileEncoding = 4; lastKnownFileType = sourcecode.c.objc; name = "UIColor+Extension.m"; path = "Model/Helper/category/UIColor+Extension.m"; sourceTree = "<group>"; };
		D41A5BFC1D9A0A580062A5FF /* UIView+Frame.h */ = {isa = PBXFileReference; fileEncoding = 4; lastKnownFileType = sourcecode.c.h; name = "UIView+Frame.h"; path = "Model/Helper/category/UIView+Frame.h"; sourceTree = "<group>"; };
		D41A5BFD1D9A0A580062A5FF /* UIView+Frame.m */ = {isa = PBXFileReference; fileEncoding = 4; lastKnownFileType = sourcecode.c.objc; name = "UIView+Frame.m"; path = "Model/Helper/category/UIView+Frame.m"; sourceTree = "<group>"; };
		D41A5BFF1D9A0ABF0062A5FF /* UIBarButtonItem+Helper.h */ = {isa = PBXFileReference; fileEncoding = 4; lastKnownFileType = sourcecode.c.h; name = "UIBarButtonItem+Helper.h"; path = "Model/Helper/category/UIBarButtonItem+Helper.h"; sourceTree = "<group>"; };
		D41A5C001D9A0ABF0062A5FF /* UIBarButtonItem+Helper.m */ = {isa = PBXFileReference; fileEncoding = 4; lastKnownFileType = sourcecode.c.objc; name = "UIBarButtonItem+Helper.m"; path = "Model/Helper/category/UIBarButtonItem+Helper.m"; sourceTree = "<group>"; };
		D4302A1A1D9115C900501060 /* IWPFBlockTypeHelper.h */ = {isa = PBXFileReference; lastKnownFileType = sourcecode.c.h; path = IWPFBlockTypeHelper.h; sourceTree = "<group>"; };
		D4302A1B1D9126A800501060 /* IWPFTestCase.h */ = {isa = PBXFileReference; fileEncoding = 4; lastKnownFileType = sourcecode.c.h; path = IWPFTestCase.h; sourceTree = "<group>"; };
		D4302A1C1D9126A800501060 /* IWPFTestCase.m */ = {isa = PBXFileReference; fileEncoding = 4; lastKnownFileType = sourcecode.c.objc; path = IWPFTestCase.m; sourceTree = "<group>"; };
		D4302A1E1D91284C00501060 /* IWPFCommunicationHelper.m */ = {isa = PBXFileReference; fileEncoding = 4; lastKnownFileType = sourcecode.c.objc; path = IWPFCommunicationHelper.m; sourceTree = "<group>"; };
		D48207961D9254900095C076 /* IWPFCurrentWeatherView.h */ = {isa = PBXFileReference; fileEncoding = 4; lastKnownFileType = sourcecode.c.h; name = IWPFCurrentWeatherView.h; path = View/View/IWPFCurrentWeatherView.h; sourceTree = "<group>"; };
		D48207971D9254900095C076 /* IWPFCurrentWeatherView.m */ = {isa = PBXFileReference; fileEncoding = 4; lastKnownFileType = sourcecode.c.objc; name = IWPFCurrentWeatherView.m; path = View/View/IWPFCurrentWeatherView.m; sourceTree = "<group>"; };
		D48809711D98EFF300B7344E /* IWPFBasicNavigationController.h */ = {isa = PBXFileReference; fileEncoding = 4; lastKnownFileType = sourcecode.c.h; name = IWPFBasicNavigationController.h; path = Controller/IWPFBasicNavigationController.h; sourceTree = "<group>"; };
		D48809721D98EFF300B7344E /* IWPFBasicNavigationController.m */ = {isa = PBXFileReference; fileEncoding = 4; lastKnownFileType = sourcecode.c.objc; name = IWPFBasicNavigationController.m; path = Controller/IWPFBasicNavigationController.m; sourceTree = "<group>"; };
		D4A196541D90D1EC009B8D8B /* FunctionDemo.app */ = {isa = PBXFileReference; explicitFileType = wrapper.application; includeInIndex = 0; path = FunctionDemo.app; sourceTree = BUILT_PRODUCTS_DIR; };
		D4A196581D90D1EC009B8D8B /* main.m */ = {isa = PBXFileReference; lastKnownFileType = sourcecode.c.objc; path = main.m; sourceTree = "<group>"; };
		D4A1965A1D90D1EC009B8D8B /* AppDelegate.h */ = {isa = PBXFileReference; lastKnownFileType = sourcecode.c.h; path = AppDelegate.h; sourceTree = "<group>"; };
		D4A1965B1D90D1EC009B8D8B /* AppDelegate.m */ = {isa = PBXFileReference; lastKnownFileType = sourcecode.c.objc; path = AppDelegate.m; sourceTree = "<group>"; };
		D4A196611D90D1EC009B8D8B /* Base */ = {isa = PBXFileReference; lastKnownFileType = file.storyboard; name = Base; path = Base.lproj/Main.storyboard; sourceTree = "<group>"; };
		D4A196631D90D1EC009B8D8B /* Assets.xcassets */ = {isa = PBXFileReference; lastKnownFileType = folder.assetcatalog; path = Assets.xcassets; sourceTree = "<group>"; };
		D4A196661D90D1EC009B8D8B /* Base */ = {isa = PBXFileReference; lastKnownFileType = file.storyboard; name = Base; path = Base.lproj/LaunchScreen.storyboard; sourceTree = "<group>"; };
		D4A196681D90D1EC009B8D8B /* Info.plist */ = {isa = PBXFileReference; lastKnownFileType = text.plist.xml; path = Info.plist; sourceTree = "<group>"; };
		D4A1966D1D90D1EC009B8D8B /* FunctionDemoTests.xctest */ = {isa = PBXFileReference; explicitFileType = wrapper.cfbundle; includeInIndex = 0; path = FunctionDemoTests.xctest; sourceTree = BUILT_PRODUCTS_DIR; };
		D4A196711D90D1EC009B8D8B /* FunctionDemoTests.m */ = {isa = PBXFileReference; lastKnownFileType = sourcecode.c.objc; path = FunctionDemoTests.m; sourceTree = "<group>"; };
		D4A196731D90D1EC009B8D8B /* Info.plist */ = {isa = PBXFileReference; lastKnownFileType = text.plist.xml; path = Info.plist; sourceTree = "<group>"; };
		D4A196781D90D1EC009B8D8B /* FunctionDemoUITests.xctest */ = {isa = PBXFileReference; explicitFileType = wrapper.cfbundle; includeInIndex = 0; path = FunctionDemoUITests.xctest; sourceTree = BUILT_PRODUCTS_DIR; };
		D4A1967C1D90D1EC009B8D8B /* FunctionDemoUITests.m */ = {isa = PBXFileReference; lastKnownFileType = sourcecode.c.objc; path = FunctionDemoUITests.m; sourceTree = "<group>"; };
		D4A1967E1D90D1EC009B8D8B /* Info.plist */ = {isa = PBXFileReference; lastKnownFileType = text.plist.xml; path = Info.plist; sourceTree = "<group>"; };
		D4A1969D1D90DBD3009B8D8B /* MacroOfDefine_Const.h */ = {isa = PBXFileReference; fileEncoding = 4; lastKnownFileType = sourcecode.c.h; name = MacroOfDefine_Const.h; path = Model/Marcos/MacroOfDefine_Const.h; sourceTree = "<group>"; };
		D4A1969E1D90DBD3009B8D8B /* MacroOfDefine_Function.h */ = {isa = PBXFileReference; fileEncoding = 4; lastKnownFileType = sourcecode.c.h; name = MacroOfDefine_Function.h; path = Model/Marcos/MacroOfDefine_Function.h; sourceTree = "<group>"; };
		D4A1969F1D90DBD3009B8D8B /* MacroOfDefine.h */ = {isa = PBXFileReference; fileEncoding = 4; lastKnownFileType = sourcecode.c.h; name = MacroOfDefine.h; path = Model/Marcos/MacroOfDefine.h; sourceTree = "<group>"; };
		D4A196A01D90DC00009B8D8B /* IWPFWeatherViewController.h */ = {isa = PBXFileReference; fileEncoding = 4; lastKnownFileType = sourcecode.c.h; name = IWPFWeatherViewController.h; path = Controller/IWPFWeatherViewController.h; sourceTree = "<group>"; };
		D4A196A11D90DC00009B8D8B /* IWPFWeatherViewController.m */ = {isa = PBXFileReference; fileEncoding = 4; lastKnownFileType = sourcecode.c.objc; name = IWPFWeatherViewController.m; path = Controller/IWPFWeatherViewController.m; sourceTree = "<group>"; };
		D4A196A41D90E577009B8D8B /* CommunicationHelper.h */ = {isa = PBXFileReference; fileEncoding = 4; lastKnownFileType = sourcecode.c.h; name = CommunicationHelper.h; path = Model/Helper/CommunicationHelper.h; sourceTree = "<group>"; };
		D4A196A51D90E577009B8D8B /* CommunicationHelper.m */ = {isa = PBXFileReference; fileEncoding = 4; lastKnownFileType = sourcecode.c.objc; name = CommunicationHelper.m; path = Model/Helper/CommunicationHelper.m; sourceTree = "<group>"; };
		D4A617D71D92386F005394DE /* IWPFCurrentWeatherCell.h */ = {isa = PBXFileReference; fileEncoding = 4; lastKnownFileType = sourcecode.c.h; name = IWPFCurrentWeatherCell.h; path = View/CellView/IWPFCurrentWeatherCell.h; sourceTree = "<group>"; };
		D4A617D81D92386F005394DE /* IWPFCurrentWeatherCell.m */ = {isa = PBXFileReference; fileEncoding = 4; lastKnownFileType = sourcecode.c.objc; name = IWPFCurrentWeatherCell.m; path = View/CellView/IWPFCurrentWeatherCell.m; sourceTree = "<group>"; };
		D4E2D80B1D98B3A300047F48 /* IWPFTools.h */ = {isa = PBXFileReference; fileEncoding = 4; lastKnownFileType = sourcecode.c.h; name = IWPFTools.h; path = Model/Tools/IWPFTools.h; sourceTree = "<group>"; };
		D4E2D80C1D98B3A300047F48 /* IWPFTools.m */ = {isa = PBXFileReference; fileEncoding = 4; lastKnownFileType = sourcecode.c.objc; name = IWPFTools.m; path = Model/Tools/IWPFTools.m; sourceTree = "<group>"; };
		D4E2D80E1D98BD3900047F48 /* IWPFAddSiteViewController.h */ = {isa = PBXFileReference; fileEncoding = 4; lastKnownFileType = sourcecode.c.h; name = IWPFAddSiteViewController.h; path = Controller/IWPFAddSiteViewController.h; sourceTree = "<group>"; };
		D4E2D80F1D98BD3900047F48 /* IWPFAddSiteViewController.m */ = {isa = PBXFileReference; fileEncoding = 4; lastKnownFileType = sourcecode.c.objc; name = IWPFAddSiteViewController.m; path = Controller/IWPFAddSiteViewController.m; sourceTree = "<group>"; };
		D4F152881D99196F00754A94 /* IWPFLaunchViewController.h */ = {isa = PBXFileReference; fileEncoding = 4; lastKnownFileType = sourcecode.c.h; name = IWPFLaunchViewController.h; path = Controller/IWPFLaunchViewController.h; sourceTree = "<group>"; };
		D4F152891D99196F00754A94 /* IWPFLaunchViewController.m */ = {isa = PBXFileReference; fileEncoding = 4; lastKnownFileType = sourcecode.c.objc; name = IWPFLaunchViewController.m; path = Controller/IWPFLaunchViewController.m; sourceTree = "<group>"; };
		E329D9F65F5A00562FB3118F /* libPods-FunctionDemoTests.a */ = {isa = PBXFileReference; explicitFileType = archive.ar; includeInIndex = 0; path = "libPods-FunctionDemoTests.a"; sourceTree = BUILT_PRODUCTS_DIR; };
		E815D586EE2CA791D5A9C94B /* Pods-FunctionDemo.debug.xcconfig */ = {isa = PBXFileReference; includeInIndex = 1; lastKnownFileType = text.xcconfig; name = "Pods-FunctionDemo.debug.xcconfig"; path = "Pods/Target Support Files/Pods-FunctionDemo/Pods-FunctionDemo.debug.xcconfig"; sourceTree = "<group>"; };
		F657ADF43AC3C6C85BF7F2A5 /* Pods-FunctionDemoUITests.release.xcconfig */ = {isa = PBXFileReference; includeInIndex = 1; lastKnownFileType = text.xcconfig; name = "Pods-FunctionDemoUITests.release.xcconfig"; path = "Pods/Target Support Files/Pods-FunctionDemoUITests/Pods-FunctionDemoUITests.release.xcconfig"; sourceTree = "<group>"; };
/* End PBXFileReference section */

/* Begin PBXFrameworksBuildPhase section */
		D4A196511D90D1EC009B8D8B /* Frameworks */ = {
			isa = PBXFrameworksBuildPhase;
			buildActionMask = 2147483647;
			files = (
				D0BDA832F08823B2F7EFCD96 /* libPods-FunctionDemo.a in Frameworks */,
			);
			runOnlyForDeploymentPostprocessing = 0;
		};
		D4A1966A1D90D1EC009B8D8B /* Frameworks */ = {
			isa = PBXFrameworksBuildPhase;
			buildActionMask = 2147483647;
			files = (
				78C19392819B6B78A9AB82D1 /* libPods-FunctionDemoTests.a in Frameworks */,
			);
			runOnlyForDeploymentPostprocessing = 0;
		};
		D4A196751D90D1EC009B8D8B /* Frameworks */ = {
			isa = PBXFrameworksBuildPhase;
			buildActionMask = 2147483647;
			files = (
				85B3E35D9283426E24726953 /* libPods-FunctionDemoUITests.a in Frameworks */,
			);
			runOnlyForDeploymentPostprocessing = 0;
		};
/* End PBXFrameworksBuildPhase section */

/* Begin PBXGroup section */
		B7FB6A5EA834059B22DD62A1 /* Pods */ = {
			isa = PBXGroup;
			children = (
				E815D586EE2CA791D5A9C94B /* Pods-FunctionDemo.debug.xcconfig */,
				5D84015C730D447FFF7A75E7 /* Pods-FunctionDemo.release.xcconfig */,
				BF72D7E79B8912135AA8B17F /* Pods-FunctionDemoTests.debug.xcconfig */,
				B06495CABF4762827BC2DC1F /* Pods-FunctionDemoTests.release.xcconfig */,
				592D3F0A4CB8A5424205B8E6 /* Pods-FunctionDemoUITests.debug.xcconfig */,
				F657ADF43AC3C6C85BF7F2A5 /* Pods-FunctionDemoUITests.release.xcconfig */,
			);
			name = Pods;
			sourceTree = "<group>";
		};
		C6C7FF55FA59E5F03F5B6EBD /* Frameworks */ = {
			isa = PBXGroup;
			children = (
				6C0E37770A8116D5FA2E208C /* libPods-FunctionDemo.a */,
				E329D9F65F5A00562FB3118F /* libPods-FunctionDemoTests.a */,
				7699A4E1962E29167205B0F2 /* libPods-FunctionDemoUITests.a */,
			);
			name = Frameworks;
			sourceTree = "<group>";
		};
		D4026CD21D9B53C00076E069 /* AllViewControllersTool */ = {
			isa = PBXGroup;
			children = (
				D4026CD31D9B53FB0076E069 /* AllViewControllersTool.h */,
				D4026CD41D9B53FB0076E069 /* AllViewControllersTool.m */,
			);
			name = AllViewControllersTool;
			sourceTree = "<group>";
		};
		D4026CD61D9B5A490076E069 /* LeftMenuViewController */ = {
			isa = PBXGroup;
			children = (
				D4026CD81D9B5A940076E069 /* LeftMenuViewController.h */,
				D4026CD91D9B5A940076E069 /* LeftMenuViewController.m */,
			);
			name = LeftMenuViewController;
			sourceTree = "<group>";
		};
		D4026CD71D9B5A5F0076E069 /* RightMenuViewController */ = {
			isa = PBXGroup;
			children = (
				D4026CDB1D9B5AA50076E069 /* RightMenuViewController.h */,
				D4026CDC1D9B5AA50076E069 /* RightMenuViewController.m */,
			);
			name = RightMenuViewController;
			sourceTree = "<group>";
		};
		D41A5BFA1D9A08150062A5FF /* Other */ = {
			isa = PBXGroup;
			children = (
				D4A196571D90D1EC009B8D8B /* Supporting Files */,
				D4A1965A1D90D1EC009B8D8B /* AppDelegate.h */,
				D4A1965B1D90D1EC009B8D8B /* AppDelegate.m */,
				D4A196601D90D1EC009B8D8B /* Main.storyboard */,
				D4A196631D90D1EC009B8D8B /* Assets.xcassets */,
				D4A196651D90D1EC009B8D8B /* LaunchScreen.storyboard */,
				D4A196681D90D1EC009B8D8B /* Info.plist */,
			);
			name = Other;
			sourceTree = "<group>";
		};
		D41A5BFB1D9A09A90062A5FF /* category */ = {
			isa = PBXGroup;
			children = (
				D41A5BFF1D9A0ABF0062A5FF /* UIBarButtonItem+Helper.h */,
				D41A5C001D9A0ABF0062A5FF /* UIBarButtonItem+Helper.m */,
				D4026CE11D9B61F30076E069 /* UIColor+Extension.h */,
				D4026CE21D9B61F30076E069 /* UIColor+Extension.m */,
				D41A5BFC1D9A0A580062A5FF /* UIView+Frame.h */,
				D41A5BFD1D9A0A580062A5FF /* UIView+Frame.m */,
			);
			name = category;
			sourceTree = "<group>";
		};
		D490E89D1D9A577900B7BCBA /* BasicViewController */ = {
			isa = PBXGroup;
			children = (
				D48809711D98EFF300B7344E /* IWPFBasicNavigationController.h */,
				D48809721D98EFF300B7344E /* IWPFBasicNavigationController.m */,
			);
			name = BasicViewController;
			sourceTree = "<group>";
		};
		D4A1964B1D90D1EC009B8D8B = {
			isa = PBXGroup;
			children = (
				D4A196561D90D1EC009B8D8B /* FunctionDemo */,
				D4A196701D90D1EC009B8D8B /* FunctionDemoTests */,
				D4A1967B1D90D1EC009B8D8B /* FunctionDemoUITests */,
				D4A196551D90D1EC009B8D8B /* Products */,
				B7FB6A5EA834059B22DD62A1 /* Pods */,
				C6C7FF55FA59E5F03F5B6EBD /* Frameworks */,
			);
			sourceTree = "<group>";
		};
		D4A196551D90D1EC009B8D8B /* Products */ = {
			isa = PBXGroup;
			children = (
				D4A196541D90D1EC009B8D8B /* FunctionDemo.app */,
				D4A1966D1D90D1EC009B8D8B /* FunctionDemoTests.xctest */,
				D4A196781D90D1EC009B8D8B /* FunctionDemoUITests.xctest */,
			);
			name = Products;
			sourceTree = "<group>";
		};
		D4A196561D90D1EC009B8D8B /* FunctionDemo */ = {
			isa = PBXGroup;
			children = (
				D4A196981D90DB62009B8D8B /* Classes */,
				D41A5BFA1D9A08150062A5FF /* Other */,
			);
			path = FunctionDemo;
			sourceTree = "<group>";
		};
		D4A196571D90D1EC009B8D8B /* Supporting Files */ = {
			isa = PBXGroup;
			children = (
				D4A196581D90D1EC009B8D8B /* main.m */,
			);
			name = "Supporting Files";
			sourceTree = "<group>";
		};
		D4A196701D90D1EC009B8D8B /* FunctionDemoTests */ = {
			isa = PBXGroup;
			children = (
				D4302A1B1D9126A800501060 /* IWPFTestCase.h */,
				D4302A1C1D9126A800501060 /* IWPFTestCase.m */,
				D4A196711D90D1EC009B8D8B /* FunctionDemoTests.m */,
				D4A196731D90D1EC009B8D8B /* Info.plist */,
				D4302A1E1D91284C00501060 /* IWPFCommunicationHelper.m */,
			);
			path = FunctionDemoTests;
			sourceTree = "<group>";
		};
		D4A1967B1D90D1EC009B8D8B /* FunctionDemoUITests */ = {
			isa = PBXGroup;
			children = (
				D4A1967C1D90D1EC009B8D8B /* FunctionDemoUITests.m */,
				D4A1967E1D90D1EC009B8D8B /* Info.plist */,
			);
			path = FunctionDemoUITests;
			sourceTree = "<group>";
		};
		D4A196981D90DB62009B8D8B /* Classes */ = {
			isa = PBXGroup;
			children = (
				D4A196991D90DB6D009B8D8B /* Model */,
				D4A1969B1D90DB87009B8D8B /* View */,
				D4A1969A1D90DB7A009B8D8B /* Controller */,
			);
			name = Classes;
			sourceTree = "<group>";
		};
		D4A196991D90DB6D009B8D8B /* Model */ = {
			isa = PBXGroup;
			children = (
				D4E2D80A1D98B37D00047F48 /* Tools */,
				D4A196A31D90E53E009B8D8B /* Helper */,
				D4A1969C1D90DB95009B8D8B /* Macros */,
			);
			name = Model;
			sourceTree = "<group>";
		};
		D4A1969A1D90DB7A009B8D8B /* Controller */ = {
			isa = PBXGroup;
			children = (
				D4026CD21D9B53C00076E069 /* AllViewControllersTool */,
				D4026CD71D9B5A5F0076E069 /* RightMenuViewController */,
				D4026CD61D9B5A490076E069 /* LeftMenuViewController */,
				D490E89D1D9A577900B7BCBA /* BasicViewController */,
				D4F152871D99192500754A94 /* LaunchViewController */,
				D4A196A01D90DC00009B8D8B /* IWPFWeatherViewController.h */,
				D4A196A11D90DC00009B8D8B /* IWPFWeatherViewController.m */,
				D4E2D80E1D98BD3900047F48 /* IWPFAddSiteViewController.h */,
				D4E2D80F1D98BD3900047F48 /* IWPFAddSiteViewController.m */,
			);
			name = Controller;
			sourceTree = "<group>";
		};
		D4A1969B1D90DB87009B8D8B /* View */ = {
			isa = PBXGroup;
			children = (
				D4A617D31D923790005394DE /* CellView */,
			);
			name = View;
			sourceTree = "<group>";
		};
		D4A1969C1D90DB95009B8D8B /* Macros */ = {
			isa = PBXGroup;
			children = (
				D4A1969D1D90DBD3009B8D8B /* MacroOfDefine_Const.h */,
				D4A1969E1D90DBD3009B8D8B /* MacroOfDefine_Function.h */,
				D4A1969F1D90DBD3009B8D8B /* MacroOfDefine.h */,
			);
			name = Macros;
			sourceTree = "<group>";
		};
		D4A196A31D90E53E009B8D8B /* Helper */ = {
			isa = PBXGroup;
			children = (
				D41A5BFB1D9A09A90062A5FF /* category */,
				D4A196A41D90E577009B8D8B /* CommunicationHelper.h */,
				D4A196A51D90E577009B8D8B /* CommunicationHelper.m */,
				D4302A1A1D9115C900501060 /* IWPFBlockTypeHelper.h */,
			);
			name = Helper;
			sourceTree = "<group>";
		};
		D4A617D31D923790005394DE /* CellView */ = {
			isa = PBXGroup;
			children = (
				D4A617D71D92386F005394DE /* IWPFCurrentWeatherCell.h */,
				D4A617D81D92386F005394DE /* IWPFCurrentWeatherCell.m */,
				D48207961D9254900095C076 /* IWPFCurrentWeatherView.h */,
				D48207971D9254900095C076 /* IWPFCurrentWeatherView.m */,
				D4026CDE1D9B60C60076E069 /* SideMenuTableViewCell.h */,
				D4026CDF1D9B60C60076E069 /* SideMenuTableViewCell.m */,
			);
			name = CellView;
			sourceTree = "<group>";
		};
		D4E2D80A1D98B37D00047F48 /* Tools */ = {
			isa = PBXGroup;
			children = (
				D4E2D80B1D98B3A300047F48 /* IWPFTools.h */,
				D4E2D80C1D98B3A300047F48 /* IWPFTools.m */,
			);
			name = Tools;
			sourceTree = "<group>";
		};
		D4F152871D99192500754A94 /* LaunchViewController */ = {
			isa = PBXGroup;
			children = (
				D4F152881D99196F00754A94 /* IWPFLaunchViewController.h */,
				D4F152891D99196F00754A94 /* IWPFLaunchViewController.m */,
			);
			name = LaunchViewController;
			sourceTree = "<group>";
		};
/* End PBXGroup section */

/* Begin PBXNativeTarget section */
		D4A196531D90D1EC009B8D8B /* FunctionDemo */ = {
			isa = PBXNativeTarget;
			buildConfigurationList = D4A196811D90D1EC009B8D8B /* Build configuration list for PBXNativeTarget "FunctionDemo" */;
			buildPhases = (
				A022238FAF6FA366F4BB0C48 /* [CP] Check Pods Manifest.lock */,
				D4A196501D90D1EC009B8D8B /* Sources */,
				D4A196511D90D1EC009B8D8B /* Frameworks */,
				D4A196521D90D1EC009B8D8B /* Resources */,
				17FB9052824217F273338D2B /* [CP] Embed Pods Frameworks */,
				6F974392FC536BF44DDAC6CC /* [CP] Copy Pods Resources */,
			);
			buildRules = (
			);
			dependencies = (
			);
			name = FunctionDemo;
			productName = FunctionDemo;
			productReference = D4A196541D90D1EC009B8D8B /* FunctionDemo.app */;
			productType = "com.apple.product-type.application";
		};
		D4A1966C1D90D1EC009B8D8B /* FunctionDemoTests */ = {
			isa = PBXNativeTarget;
			buildConfigurationList = D4A196841D90D1EC009B8D8B /* Build configuration list for PBXNativeTarget "FunctionDemoTests" */;
			buildPhases = (
				B6285699810945747C57719D /* [CP] Check Pods Manifest.lock */,
				D4A196691D90D1EC009B8D8B /* Sources */,
				D4A1966A1D90D1EC009B8D8B /* Frameworks */,
				D4A1966B1D90D1EC009B8D8B /* Resources */,
				3ED79E4A7EBD22B365DB8131 /* [CP] Embed Pods Frameworks */,
				EFB7721C0969996719DD9CA7 /* [CP] Copy Pods Resources */,
			);
			buildRules = (
			);
			dependencies = (
				D4A1966F1D90D1EC009B8D8B /* PBXTargetDependency */,
			);
			name = FunctionDemoTests;
			productName = FunctionDemoTests;
			productReference = D4A1966D1D90D1EC009B8D8B /* FunctionDemoTests.xctest */;
			productType = "com.apple.product-type.bundle.unit-test";
		};
		D4A196771D90D1EC009B8D8B /* FunctionDemoUITests */ = {
			isa = PBXNativeTarget;
			buildConfigurationList = D4A196871D90D1EC009B8D8B /* Build configuration list for PBXNativeTarget "FunctionDemoUITests" */;
			buildPhases = (
				4CFB51E1C226E349B63145DF /* [CP] Check Pods Manifest.lock */,
				D4A196741D90D1EC009B8D8B /* Sources */,
				D4A196751D90D1EC009B8D8B /* Frameworks */,
				D4A196761D90D1EC009B8D8B /* Resources */,
				FC4B4EE75A6000C546D6A66B /* [CP] Copy Pods Resources */,
			);
			buildRules = (
			);
			dependencies = (
				D4A1967A1D90D1EC009B8D8B /* PBXTargetDependency */,
			);
			name = FunctionDemoUITests;
			productName = FunctionDemoUITests;
			productReference = D4A196781D90D1EC009B8D8B /* FunctionDemoUITests.xctest */;
			productType = "com.apple.product-type.bundle.ui-testing";
		};
/* End PBXNativeTarget section */

/* Begin PBXProject section */
		D4A1964C1D90D1EC009B8D8B /* Project object */ = {
			isa = PBXProject;
			attributes = {
				LastUpgradeCheck = 0800;
				ORGANIZATIONNAME = "Chen Li";
				TargetAttributes = {
					D4A196531D90D1EC009B8D8B = {
						CreatedOnToolsVersion = 8.0;
						ProvisioningStyle = Automatic;
					};
					D4A1966C1D90D1EC009B8D8B = {
						CreatedOnToolsVersion = 8.0;
						ProvisioningStyle = Automatic;
						TestTargetID = D4A196531D90D1EC009B8D8B;
					};
					D4A196771D90D1EC009B8D8B = {
						CreatedOnToolsVersion = 8.0;
						ProvisioningStyle = Automatic;
						TestTargetID = D4A196531D90D1EC009B8D8B;
					};
				};
			};
			buildConfigurationList = D4A1964F1D90D1EC009B8D8B /* Build configuration list for PBXProject "FunctionDemo" */;
			compatibilityVersion = "Xcode 3.2";
			developmentRegion = English;
			hasScannedForEncodings = 0;
			knownRegions = (
				en,
				Base,
			);
			mainGroup = D4A1964B1D90D1EC009B8D8B;
			productRefGroup = D4A196551D90D1EC009B8D8B /* Products */;
			projectDirPath = "";
			projectRoot = "";
			targets = (
				D4A196531D90D1EC009B8D8B /* FunctionDemo */,
				D4A1966C1D90D1EC009B8D8B /* FunctionDemoTests */,
				D4A196771D90D1EC009B8D8B /* FunctionDemoUITests */,
			);
		};
/* End PBXProject section */

/* Begin PBXResourcesBuildPhase section */
		D4A196521D90D1EC009B8D8B /* Resources */ = {
			isa = PBXResourcesBuildPhase;
			buildActionMask = 2147483647;
			files = (
				D4A196671D90D1EC009B8D8B /* LaunchScreen.storyboard in Resources */,
				D4A196641D90D1EC009B8D8B /* Assets.xcassets in Resources */,
				D4A196621D90D1EC009B8D8B /* Main.storyboard in Resources */,
			);
			runOnlyForDeploymentPostprocessing = 0;
		};
		D4A1966B1D90D1EC009B8D8B /* Resources */ = {
			isa = PBXResourcesBuildPhase;
			buildActionMask = 2147483647;
			files = (
			);
			runOnlyForDeploymentPostprocessing = 0;
		};
		D4A196761D90D1EC009B8D8B /* Resources */ = {
			isa = PBXResourcesBuildPhase;
			buildActionMask = 2147483647;
			files = (
			);
			runOnlyForDeploymentPostprocessing = 0;
		};
/* End PBXResourcesBuildPhase section */

/* Begin PBXShellScriptBuildPhase section */
		17FB9052824217F273338D2B /* [CP] Embed Pods Frameworks */ = {
			isa = PBXShellScriptBuildPhase;
			buildActionMask = 2147483647;
			files = (
			);
			inputPaths = (
			);
			name = "[CP] Embed Pods Frameworks";
			outputPaths = (
			);
			runOnlyForDeploymentPostprocessing = 0;
			shellPath = /bin/sh;
			shellScript = "\"${SRCROOT}/Pods/Target Support Files/Pods-FunctionDemo/Pods-FunctionDemo-frameworks.sh\"\n";
			showEnvVarsInLog = 0;
		};
		3ED79E4A7EBD22B365DB8131 /* [CP] Embed Pods Frameworks */ = {
			isa = PBXShellScriptBuildPhase;
			buildActionMask = 2147483647;
			files = (
			);
			inputPaths = (
			);
			name = "[CP] Embed Pods Frameworks";
			outputPaths = (
			);
			runOnlyForDeploymentPostprocessing = 0;
			shellPath = /bin/sh;
			shellScript = "\"${SRCROOT}/Pods/Target Support Files/Pods-FunctionDemoTests/Pods-FunctionDemoTests-frameworks.sh\"\n";
			showEnvVarsInLog = 0;
		};
		4CFB51E1C226E349B63145DF /* [CP] Check Pods Manifest.lock */ = {
			isa = PBXShellScriptBuildPhase;
			buildActionMask = 2147483647;
			files = (
			);
			inputPaths = (
			);
			name = "[CP] Check Pods Manifest.lock";
			outputPaths = (
			);
			runOnlyForDeploymentPostprocessing = 0;
			shellPath = /bin/sh;
			shellScript = "diff \"${PODS_ROOT}/../Podfile.lock\" \"${PODS_ROOT}/Manifest.lock\" > /dev/null\nif [[ $? != 0 ]] ; then\n    cat << EOM\nerror: The sandbox is not in sync with the Podfile.lock. Run 'pod install' or update your CocoaPods installation.\nEOM\n    exit 1\nfi\n";
			showEnvVarsInLog = 0;
		};
		6F974392FC536BF44DDAC6CC /* [CP] Copy Pods Resources */ = {
			isa = PBXShellScriptBuildPhase;
			buildActionMask = 2147483647;
			files = (
			);
			inputPaths = (
			);
			name = "[CP] Copy Pods Resources";
			outputPaths = (
			);
			runOnlyForDeploymentPostprocessing = 0;
			shellPath = /bin/sh;
			shellScript = "\"${SRCROOT}/Pods/Target Support Files/Pods-FunctionDemo/Pods-FunctionDemo-resources.sh\"\n";
			showEnvVarsInLog = 0;
		};
		A022238FAF6FA366F4BB0C48 /* [CP] Check Pods Manifest.lock */ = {
			isa = PBXShellScriptBuildPhase;
			buildActionMask = 2147483647;
			files = (
			);
			inputPaths = (
			);
			name = "[CP] Check Pods Manifest.lock";
			outputPaths = (
			);
			runOnlyForDeploymentPostprocessing = 0;
			shellPath = /bin/sh;
			shellScript = "diff \"${PODS_ROOT}/../Podfile.lock\" \"${PODS_ROOT}/Manifest.lock\" > /dev/null\nif [[ $? != 0 ]] ; then\n    cat << EOM\nerror: The sandbox is not in sync with the Podfile.lock. Run 'pod install' or update your CocoaPods installation.\nEOM\n    exit 1\nfi\n";
			showEnvVarsInLog = 0;
		};
		B6285699810945747C57719D /* [CP] Check Pods Manifest.lock */ = {
			isa = PBXShellScriptBuildPhase;
			buildActionMask = 2147483647;
			files = (
			);
			inputPaths = (
			);
			name = "[CP] Check Pods Manifest.lock";
			outputPaths = (
			);
			runOnlyForDeploymentPostprocessing = 0;
			shellPath = /bin/sh;
			shellScript = "diff \"${PODS_ROOT}/../Podfile.lock\" \"${PODS_ROOT}/Manifest.lock\" > /dev/null\nif [[ $? != 0 ]] ; then\n    cat << EOM\nerror: The sandbox is not in sync with the Podfile.lock. Run 'pod install' or update your CocoaPods installation.\nEOM\n    exit 1\nfi\n";
			showEnvVarsInLog = 0;
		};
		EFB7721C0969996719DD9CA7 /* [CP] Copy Pods Resources */ = {
			isa = PBXShellScriptBuildPhase;
			buildActionMask = 2147483647;
			files = (
			);
			inputPaths = (
			);
			name = "[CP] Copy Pods Resources";
			outputPaths = (
			);
			runOnlyForDeploymentPostprocessing = 0;
			shellPath = /bin/sh;
			shellScript = "\"${SRCROOT}/Pods/Target Support Files/Pods-FunctionDemoTests/Pods-FunctionDemoTests-resources.sh\"\n";
			showEnvVarsInLog = 0;
		};
		FC4B4EE75A6000C546D6A66B /* [CP] Copy Pods Resources */ = {
			isa = PBXShellScriptBuildPhase;
			buildActionMask = 2147483647;
			files = (
			);
			inputPaths = (
			);
			name = "[CP] Copy Pods Resources";
			outputPaths = (
			);
			runOnlyForDeploymentPostprocessing = 0;
			shellPath = /bin/sh;
			shellScript = "\"${SRCROOT}/Pods/Target Support Files/Pods-FunctionDemoUITests/Pods-FunctionDemoUITests-resources.sh\"\n";
			showEnvVarsInLog = 0;
		};
/* End PBXShellScriptBuildPhase section */

/* Begin PBXSourcesBuildPhase section */
		D4A196501D90D1EC009B8D8B /* Sources */ = {
			isa = PBXSourcesBuildPhase;
			buildActionMask = 2147483647;
			files = (
				D41A5C011D9A0ABF0062A5FF /* UIBarButtonItem+Helper.m in Sources */,
				D4A617D91D92386F005394DE /* IWPFCurrentWeatherCell.m in Sources */,
				D4F1528A1D99196F00754A94 /* IWPFLaunchViewController.m in Sources */,
				D4A1965C1D90D1EC009B8D8B /* AppDelegate.m in Sources */,
				D4026CDA1D9B5A940076E069 /* LeftMenuViewController.m in Sources */,
				D4A196591D90D1EC009B8D8B /* main.m in Sources */,
				D4E2D8101D98BD3900047F48 /* IWPFAddSiteViewController.m in Sources */,
				D4026CE31D9B61F30076E069 /* UIColor+Extension.m in Sources */,
				D48207981D9254900095C076 /* IWPFCurrentWeatherView.m in Sources */,
				D4E2D80D1D98B3A300047F48 /* IWPFTools.m in Sources */,
				D4026CDD1D9B5AA50076E069 /* RightMenuViewController.m in Sources */,
				D4A196A61D90E577009B8D8B /* CommunicationHelper.m in Sources */,
				D4A196A21D90DC00009B8D8B /* IWPFWeatherViewController.m in Sources */,
				D48809731D98EFF300B7344E /* IWPFBasicNavigationController.m in Sources */,
				D41A5BFE1D9A0A580062A5FF /* UIView+Frame.m in Sources */,
				D4026CD51D9B53FB0076E069 /* AllViewControllersTool.m in Sources */,
				D4026CE01D9B60C60076E069 /* SideMenuTableViewCell.m in Sources */,
			);
			runOnlyForDeploymentPostprocessing = 0;
		};
		D4A196691D90D1EC009B8D8B /* Sources */ = {
			isa = PBXSourcesBuildPhase;
			buildActionMask = 2147483647;
			files = (
				D4A196721D90D1EC009B8D8B /* FunctionDemoTests.m in Sources */,
				D4302A1F1D91284C00501060 /* IWPFCommunicationHelper.m in Sources */,
				D4302A1D1D9126A800501060 /* IWPFTestCase.m in Sources */,
			);
			runOnlyForDeploymentPostprocessing = 0;
		};
		D4A196741D90D1EC009B8D8B /* Sources */ = {
			isa = PBXSourcesBuildPhase;
			buildActionMask = 2147483647;
			files = (
				D4A1967D1D90D1EC009B8D8B /* FunctionDemoUITests.m in Sources */,
			);
			runOnlyForDeploymentPostprocessing = 0;
		};
/* End PBXSourcesBuildPhase section */

/* Begin PBXTargetDependency section */
		D4A1966F1D90D1EC009B8D8B /* PBXTargetDependency */ = {
			isa = PBXTargetDependency;
			target = D4A196531D90D1EC009B8D8B /* FunctionDemo */;
			targetProxy = D4A1966E1D90D1EC009B8D8B /* PBXContainerItemProxy */;
		};
		D4A1967A1D90D1EC009B8D8B /* PBXTargetDependency */ = {
			isa = PBXTargetDependency;
			target = D4A196531D90D1EC009B8D8B /* FunctionDemo */;
			targetProxy = D4A196791D90D1EC009B8D8B /* PBXContainerItemProxy */;
		};
/* End PBXTargetDependency section */

/* Begin PBXVariantGroup section */
		D4A196601D90D1EC009B8D8B /* Main.storyboard */ = {
			isa = PBXVariantGroup;
			children = (
				D4A196611D90D1EC009B8D8B /* Base */,
			);
			name = Main.storyboard;
			sourceTree = "<group>";
		};
		D4A196651D90D1EC009B8D8B /* LaunchScreen.storyboard */ = {
			isa = PBXVariantGroup;
			children = (
				D4A196661D90D1EC009B8D8B /* Base */,
			);
			name = LaunchScreen.storyboard;
			sourceTree = "<group>";
		};
/* End PBXVariantGroup section */

/* Begin XCBuildConfiguration section */
		D4A1967F1D90D1EC009B8D8B /* Debug */ = {
			isa = XCBuildConfiguration;
			buildSettings = {
				ALWAYS_SEARCH_USER_PATHS = NO;
				CLANG_ANALYZER_NONNULL = YES;
				CLANG_CXX_LANGUAGE_STANDARD = "gnu++0x";
				CLANG_CXX_LIBRARY = "libc++";
				CLANG_ENABLE_MODULES = YES;
				CLANG_ENABLE_OBJC_ARC = YES;
				CLANG_WARN_BOOL_CONVERSION = YES;
				CLANG_WARN_CONSTANT_CONVERSION = YES;
				CLANG_WARN_DIRECT_OBJC_ISA_USAGE = YES_ERROR;
				CLANG_WARN_DOCUMENTATION_COMMENTS = YES;
				CLANG_WARN_EMPTY_BODY = YES;
				CLANG_WARN_ENUM_CONVERSION = YES;
				CLANG_WARN_INFINITE_RECURSION = YES;
				CLANG_WARN_INT_CONVERSION = YES;
				CLANG_WARN_OBJC_ROOT_CLASS = YES_ERROR;
				CLANG_WARN_SUSPICIOUS_MOVES = YES;
				CLANG_WARN_UNREACHABLE_CODE = YES;
				CLANG_WARN__DUPLICATE_METHOD_MATCH = YES;
				"CODE_SIGN_IDENTITY[sdk=iphoneos*]" = "iPhone Developer";
				COPY_PHASE_STRIP = NO;
				DEBUG_INFORMATION_FORMAT = dwarf;
				ENABLE_STRICT_OBJC_MSGSEND = YES;
				ENABLE_TESTABILITY = YES;
				GCC_C_LANGUAGE_STANDARD = gnu99;
				GCC_DYNAMIC_NO_PIC = NO;
				GCC_NO_COMMON_BLOCKS = YES;
				GCC_OPTIMIZATION_LEVEL = 0;
				GCC_PREPROCESSOR_DEFINITIONS = (
					"DEBUG=1",
					"$(inherited)",
				);
				GCC_WARN_64_TO_32_BIT_CONVERSION = YES;
				GCC_WARN_ABOUT_RETURN_TYPE = YES_ERROR;
				GCC_WARN_UNDECLARED_SELECTOR = YES;
				GCC_WARN_UNINITIALIZED_AUTOS = YES_AGGRESSIVE;
				GCC_WARN_UNUSED_FUNCTION = YES;
				GCC_WARN_UNUSED_VARIABLE = YES;
				IPHONEOS_DEPLOYMENT_TARGET = 10.0;
				MTL_ENABLE_DEBUG_INFO = YES;
				ONLY_ACTIVE_ARCH = YES;
				SDKROOT = iphoneos;
				TARGETED_DEVICE_FAMILY = "1,2";
			};
			name = Debug;
		};
		D4A196801D90D1EC009B8D8B /* Release */ = {
			isa = XCBuildConfiguration;
			buildSettings = {
				ALWAYS_SEARCH_USER_PATHS = NO;
				CLANG_ANALYZER_NONNULL = YES;
				CLANG_CXX_LANGUAGE_STANDARD = "gnu++0x";
				CLANG_CXX_LIBRARY = "libc++";
				CLANG_ENABLE_MODULES = YES;
				CLANG_ENABLE_OBJC_ARC = YES;
				CLANG_WARN_BOOL_CONVERSION = YES;
				CLANG_WARN_CONSTANT_CONVERSION = YES;
				CLANG_WARN_DIRECT_OBJC_ISA_USAGE = YES_ERROR;
				CLANG_WARN_DOCUMENTATION_COMMENTS = YES;
				CLANG_WARN_EMPTY_BODY = YES;
				CLANG_WARN_ENUM_CONVERSION = YES;
				CLANG_WARN_INFINITE_RECURSION = YES;
				CLANG_WARN_INT_CONVERSION = YES;
				CLANG_WARN_OBJC_ROOT_CLASS = YES_ERROR;
				CLANG_WARN_SUSPICIOUS_MOVES = YES;
				CLANG_WARN_UNREACHABLE_CODE = YES;
				CLANG_WARN__DUPLICATE_METHOD_MATCH = YES;
				"CODE_SIGN_IDENTITY[sdk=iphoneos*]" = "iPhone Developer";
				COPY_PHASE_STRIP = NO;
				DEBUG_INFORMATION_FORMAT = "dwarf-with-dsym";
				ENABLE_NS_ASSERTIONS = NO;
				ENABLE_STRICT_OBJC_MSGSEND = YES;
				GCC_C_LANGUAGE_STANDARD = gnu99;
				GCC_NO_COMMON_BLOCKS = YES;
				GCC_WARN_64_TO_32_BIT_CONVERSION = YES;
				GCC_WARN_ABOUT_RETURN_TYPE = YES_ERROR;
				GCC_WARN_UNDECLARED_SELECTOR = YES;
				GCC_WARN_UNINITIALIZED_AUTOS = YES_AGGRESSIVE;
				GCC_WARN_UNUSED_FUNCTION = YES;
				GCC_WARN_UNUSED_VARIABLE = YES;
				IPHONEOS_DEPLOYMENT_TARGET = 10.0;
				MTL_ENABLE_DEBUG_INFO = NO;
				SDKROOT = iphoneos;
				TARGETED_DEVICE_FAMILY = "1,2";
				VALIDATE_PRODUCT = YES;
			};
			name = Release;
		};
		D4A196821D90D1EC009B8D8B /* Debug */ = {
			isa = XCBuildConfiguration;
			baseConfigurationReference = E815D586EE2CA791D5A9C94B /* Pods-FunctionDemo.debug.xcconfig */;
			buildSettings = {
				ASSETCATALOG_COMPILER_APPICON_NAME = AppIcon;
				ASSETCATALOG_COMPILER_LAUNCHIMAGE_NAME = LaunchImage;
				INFOPLIST_FILE = FunctionDemo/Info.plist;
				LD_RUNPATH_SEARCH_PATHS = "$(inherited) @executable_path/Frameworks";
				PRODUCT_BUNDLE_IDENTIFIER = com.LHTD.FunctionDemo;
				PRODUCT_NAME = "$(TARGET_NAME)";
			};
			name = Debug;
		};
		D4A196831D90D1EC009B8D8B /* Release */ = {
			isa = XCBuildConfiguration;
			baseConfigurationReference = 5D84015C730D447FFF7A75E7 /* Pods-FunctionDemo.release.xcconfig */;
			buildSettings = {
				ASSETCATALOG_COMPILER_APPICON_NAME = AppIcon;
				ASSETCATALOG_COMPILER_LAUNCHIMAGE_NAME = LaunchImage;
				INFOPLIST_FILE = FunctionDemo/Info.plist;
				LD_RUNPATH_SEARCH_PATHS = "$(inherited) @executable_path/Frameworks";
				PRODUCT_BUNDLE_IDENTIFIER = com.LHTD.FunctionDemo;
				PRODUCT_NAME = "$(TARGET_NAME)";
			};
			name = Release;
		};
		D4A196851D90D1EC009B8D8B /* Debug */ = {
			isa = XCBuildConfiguration;
			baseConfigurationReference = BF72D7E79B8912135AA8B17F /* Pods-FunctionDemoTests.debug.xcconfig */;
			buildSettings = {
				BUNDLE_LOADER = "$(TEST_HOST)";
				INFOPLIST_FILE = FunctionDemoTests/Info.plist;
				LD_RUNPATH_SEARCH_PATHS = "$(inherited) @executable_path/Frameworks @loader_path/Frameworks";
				PRODUCT_BUNDLE_IDENTIFIER = com.LHTD.FunctionDemoTests;
				PRODUCT_NAME = "$(TARGET_NAME)";
				TEST_HOST = "$(BUILT_PRODUCTS_DIR)/FunctionDemo.app/FunctionDemo";
			};
			name = Debug;
		};
		D4A196861D90D1EC009B8D8B /* Release */ = {
			isa = XCBuildConfiguration;
			baseConfigurationReference = B06495CABF4762827BC2DC1F /* Pods-FunctionDemoTests.release.xcconfig */;
			buildSettings = {
				BUNDLE_LOADER = "$(TEST_HOST)";
				INFOPLIST_FILE = FunctionDemoTests/Info.plist;
				LD_RUNPATH_SEARCH_PATHS = "$(inherited) @executable_path/Frameworks @loader_path/Frameworks";
				PRODUCT_BUNDLE_IDENTIFIER = com.LHTD.FunctionDemoTests;
				PRODUCT_NAME = "$(TARGET_NAME)";
				TEST_HOST = "$(BUILT_PRODUCTS_DIR)/FunctionDemo.app/FunctionDemo";
			};
			name = Release;
		};
		D4A196881D90D1EC009B8D8B /* Debug */ = {
			isa = XCBuildConfiguration;
			baseConfigurationReference = 592D3F0A4CB8A5424205B8E6 /* Pods-FunctionDemoUITests.debug.xcconfig */;
			buildSettings = {
				INFOPLIST_FILE = FunctionDemoUITests/Info.plist;
				LD_RUNPATH_SEARCH_PATHS = "$(inherited) @executable_path/Frameworks @loader_path/Frameworks";
				PRODUCT_BUNDLE_IDENTIFIER = com.LHTD.FunctionDemoUITests;
				PRODUCT_NAME = "$(TARGET_NAME)";
				TEST_TARGET_NAME = FunctionDemo;
			};
			name = Debug;
		};
		D4A196891D90D1EC009B8D8B /* Release */ = {
			isa = XCBuildConfiguration;
			baseConfigurationReference = F657ADF43AC3C6C85BF7F2A5 /* Pods-FunctionDemoUITests.release.xcconfig */;
			buildSettings = {
				INFOPLIST_FILE = FunctionDemoUITests/Info.plist;
				LD_RUNPATH_SEARCH_PATHS = "$(inherited) @executable_path/Frameworks @loader_path/Frameworks";
				PRODUCT_BUNDLE_IDENTIFIER = com.LHTD.FunctionDemoUITests;
				PRODUCT_NAME = "$(TARGET_NAME)";
				TEST_TARGET_NAME = FunctionDemo;
			};
			name = Release;
		};
/* End XCBuildConfiguration section */

/* Begin XCConfigurationList section */
		D4A1964F1D90D1EC009B8D8B /* Build configuration list for PBXProject "FunctionDemo" */ = {
			isa = XCConfigurationList;
			buildConfigurations = (
				D4A1967F1D90D1EC009B8D8B /* Debug */,
				D4A196801D90D1EC009B8D8B /* Release */,
			);
			defaultConfigurationIsVisible = 0;
			defaultConfigurationName = Release;
		};
		D4A196811D90D1EC009B8D8B /* Build configuration list for PBXNativeTarget "FunctionDemo" */ = {
			isa = XCConfigurationList;
			buildConfigurations = (
				D4A196821D90D1EC009B8D8B /* Debug */,
				D4A196831D90D1EC009B8D8B /* Release */,
			);
			defaultConfigurationIsVisible = 0;
			defaultConfigurationName = Release;
		};
		D4A196841D90D1EC009B8D8B /* Build configuration list for PBXNativeTarget "FunctionDemoTests" */ = {
			isa = XCConfigurationList;
			buildConfigurations = (
				D4A196851D90D1EC009B8D8B /* Debug */,
				D4A196861D90D1EC009B8D8B /* Release */,
			);
			defaultConfigurationIsVisible = 0;
			defaultConfigurationName = Release;
		};
		D4A196871D90D1EC009B8D8B /* Build configuration list for PBXNativeTarget "FunctionDemoUITests" */ = {
			isa = XCConfigurationList;
			buildConfigurations = (
				D4A196881D90D1EC009B8D8B /* Debug */,
				D4A196891D90D1EC009B8D8B /* Release */,
			);
			defaultConfigurationIsVisible = 0;
			defaultConfigurationName = Release;
		};
/* End XCConfigurationList section */
	};
	rootObject = D4A1964C1D90D1EC009B8D8B /* Project object */;
}
